// !$*UTF8*$!
{
	archiveVersion = 1;
	classes = {
	};
	objectVersion = 50;
	objects = {

/* Begin PBXBuildFile section */
		023344DA249D8327001BABB3 /* LocationSearchViewController.swift in Sources */ = {isa = PBXBuildFile; fileRef = 023344D9249D8327001BABB3 /* LocationSearchViewController.swift */; };
		02569B69249C61F800B819EB /* SearchViewController.swift in Sources */ = {isa = PBXBuildFile; fileRef = 02569B68249C61F800B819EB /* SearchViewController.swift */; };
		02569B6B249C737400B819EB /* SetBackground.swift in Sources */ = {isa = PBXBuildFile; fileRef = 02569B6A249C737400B819EB /* SetBackground.swift */; };
		5276FC2524A4346C00EF4DC8 /* InstructorProfileViewController.swift in Sources */ = {isa = PBXBuildFile; fileRef = 5276FC2424A4346C00EF4DC8 /* InstructorProfileViewController.swift */; };
		5276FC2724A4355600EF4DC8 /* ClientFavoritesViewController.swift in Sources */ = {isa = PBXBuildFile; fileRef = 5276FC2624A4355600EF4DC8 /* ClientFavoritesViewController.swift */; };
		5276FC2924A4357100EF4DC8 /* ClientProfileViewController.swift in Sources */ = {isa = PBXBuildFile; fileRef = 5276FC2824A4357100EF4DC8 /* ClientProfileViewController.swift */; };
		5276FC2B24A58B0F00EF4DC8 /* ClientTableViewController.swift in Sources */ = {isa = PBXBuildFile; fileRef = 5276FC2A24A58B0F00EF4DC8 /* ClientTableViewController.swift */; };
		C35C6FED249AF9D800A23367 /* AppDelegate.swift in Sources */ = {isa = PBXBuildFile; fileRef = C35C6FEC249AF9D800A23367 /* AppDelegate.swift */; };
		C35C6FEF249AF9D800A23367 /* SceneDelegate.swift in Sources */ = {isa = PBXBuildFile; fileRef = C35C6FEE249AF9D800A23367 /* SceneDelegate.swift */; };
		C35C6FF4249AF9D800A23367 /* Main.storyboard in Resources */ = {isa = PBXBuildFile; fileRef = C35C6FF2249AF9D800A23367 /* Main.storyboard */; };
		C35C6FF7249AF9D800A23367 /* AnytimeFitness.xcdatamodeld in Sources */ = {isa = PBXBuildFile; fileRef = C35C6FF5249AF9D800A23367 /* AnytimeFitness.xcdatamodeld */; };
		C35C6FF9249AF9D900A23367 /* Assets.xcassets in Resources */ = {isa = PBXBuildFile; fileRef = C35C6FF8249AF9D900A23367 /* Assets.xcassets */; };
		C35C6FFC249AF9D900A23367 /* LaunchScreen.storyboard in Resources */ = {isa = PBXBuildFile; fileRef = C35C6FFA249AF9D900A23367 /* LaunchScreen.storyboard */; };
		C35C7009249B008D00A23367 /* SignUp.storyboard in Resources */ = {isa = PBXBuildFile; fileRef = C35C7008249B008D00A23367 /* SignUp.storyboard */; };
		C35C700B249B017600A23367 /* ClientSignIn.storyboard in Resources */ = {isa = PBXBuildFile; fileRef = C35C700A249B017600A23367 /* ClientSignIn.storyboard */; };
		C35C700D249B01C100A23367 /* InstructorSignIn.storyboard in Resources */ = {isa = PBXBuildFile; fileRef = C35C700C249B01C100A23367 /* InstructorSignIn.storyboard */; };
		C35C7011249B050D00A23367 /* InstructorMain.storyboard in Resources */ = {isa = PBXBuildFile; fileRef = C35C7010249B050D00A23367 /* InstructorMain.storyboard */; };
		C35C7013249B07CD00A23367 /* InstructorProfile.storyboard in Resources */ = {isa = PBXBuildFile; fileRef = C35C7012249B07CD00A23367 /* InstructorProfile.storyboard */; };
		C35C7015249B084D00A23367 /* ClientMain.storyboard in Resources */ = {isa = PBXBuildFile; fileRef = C35C7014249B084D00A23367 /* ClientMain.storyboard */; };
		C35C7017249B09CF00A23367 /* ClientProfile.storyboard in Resources */ = {isa = PBXBuildFile; fileRef = C35C7016249B09CF00A23367 /* ClientProfile.storyboard */; };
		C35C7019249B09E200A23367 /* ClientSearch.storyboard in Resources */ = {isa = PBXBuildFile; fileRef = C35C7018249B09E200A23367 /* ClientSearch.storyboard */; };
		C35C701B249B09EF00A23367 /* ClientUpcoming.storyboard in Resources */ = {isa = PBXBuildFile; fileRef = C35C701A249B09EF00A23367 /* ClientUpcoming.storyboard */; };
		C35C701D249B09F900A23367 /* ClientFavorites.storyboard in Resources */ = {isa = PBXBuildFile; fileRef = C35C701C249B09F900A23367 /* ClientFavorites.storyboard */; };
		C35C7020249B0B4400A23367 /* InstructorHome.storyboard in Resources */ = {isa = PBXBuildFile; fileRef = C35C701F249B0B4400A23367 /* InstructorHome.storyboard */; };
		C35C7022249B0B5D00A23367 /* InstructorSchedule.storyboard in Resources */ = {isa = PBXBuildFile; fileRef = C35C7021249B0B5D00A23367 /* InstructorSchedule.storyboard */; };
		C35C7024249B0B6B00A23367 /* InstructorCreate.storyboard in Resources */ = {isa = PBXBuildFile; fileRef = C35C7023249B0B6B00A23367 /* InstructorCreate.storyboard */; };
		C35C7027249C750700A23367 /* ClientFlowSignIn.storyboard in Resources */ = {isa = PBXBuildFile; fileRef = C35C7026249C750700A23367 /* ClientFlowSignIn.storyboard */; };
/* End PBXBuildFile section */

/* Begin PBXFileReference section */
		023344D9249D8327001BABB3 /* LocationSearchViewController.swift */ = {isa = PBXFileReference; lastKnownFileType = sourcecode.swift; name = LocationSearchViewController.swift; path = "AnytimeFitness/Views/View Controllers/Client/Features/Search/LocationSearchViewController.swift"; sourceTree = SOURCE_ROOT; };
		02569B68249C61F800B819EB /* SearchViewController.swift */ = {isa = PBXFileReference; lastKnownFileType = sourcecode.swift; name = SearchViewController.swift; path = "AnytimeFitness/Views/View Controllers/Client/Features/Search/SearchViewController.swift"; sourceTree = SOURCE_ROOT; };
		02569B6A249C737400B819EB /* SetBackground.swift */ = {isa = PBXFileReference; lastKnownFileType = sourcecode.swift; path = SetBackground.swift; sourceTree = "<group>"; };
		5276FC2424A4346C00EF4DC8 /* InstructorProfileViewController.swift */ = {isa = PBXFileReference; lastKnownFileType = sourcecode.swift; name = InstructorProfileViewController.swift; path = AnytimeFitness/InstructorProfileViewController.swift; sourceTree = SOURCE_ROOT; };
		5276FC2624A4355600EF4DC8 /* ClientFavoritesViewController.swift */ = {isa = PBXFileReference; lastKnownFileType = sourcecode.swift; name = ClientFavoritesViewController.swift; path = AnytimeFitness/ClientFavoritesViewController.swift; sourceTree = SOURCE_ROOT; };
		5276FC2824A4357100EF4DC8 /* ClientProfileViewController.swift */ = {isa = PBXFileReference; lastKnownFileType = sourcecode.swift; name = ClientProfileViewController.swift; path = AnytimeFitness/ClientProfileViewController.swift; sourceTree = SOURCE_ROOT; };
		5276FC2A24A58B0F00EF4DC8 /* ClientTableViewController.swift */ = {isa = PBXFileReference; lastKnownFileType = sourcecode.swift; name = ClientTableViewController.swift; path = AnytimeFitness/ClientTableViewController.swift; sourceTree = SOURCE_ROOT; };
		C35C6FE9249AF9D800A23367 /* AnytimeFitness.app */ = {isa = PBXFileReference; explicitFileType = wrapper.application; includeInIndex = 0; path = AnytimeFitness.app; sourceTree = BUILT_PRODUCTS_DIR; };
		C35C6FEC249AF9D800A23367 /* AppDelegate.swift */ = {isa = PBXFileReference; lastKnownFileType = sourcecode.swift; path = AppDelegate.swift; sourceTree = "<group>"; };
		C35C6FEE249AF9D800A23367 /* SceneDelegate.swift */ = {isa = PBXFileReference; lastKnownFileType = sourcecode.swift; path = SceneDelegate.swift; sourceTree = "<group>"; };
		C35C6FF3249AF9D800A23367 /* Base */ = {isa = PBXFileReference; lastKnownFileType = file.storyboard; name = Base; path = Base.lproj/Main.storyboard; sourceTree = "<group>"; };
		C35C6FF6249AF9D800A23367 /* AnytimeFitness.xcdatamodel */ = {isa = PBXFileReference; lastKnownFileType = wrapper.xcdatamodel; path = AnytimeFitness.xcdatamodel; sourceTree = "<group>"; };
		C35C6FF8249AF9D900A23367 /* Assets.xcassets */ = {isa = PBXFileReference; lastKnownFileType = folder.assetcatalog; path = Assets.xcassets; sourceTree = "<group>"; };
		C35C6FFB249AF9D900A23367 /* Base */ = {isa = PBXFileReference; lastKnownFileType = file.storyboard; name = Base; path = Base.lproj/LaunchScreen.storyboard; sourceTree = "<group>"; };
		C35C6FFD249AF9D900A23367 /* Info.plist */ = {isa = PBXFileReference; lastKnownFileType = text.plist.xml; path = Info.plist; sourceTree = "<group>"; };
		C35C7008249B008D00A23367 /* SignUp.storyboard */ = {isa = PBXFileReference; lastKnownFileType = file.storyboard; path = SignUp.storyboard; sourceTree = "<group>"; };
		C35C700A249B017600A23367 /* ClientSignIn.storyboard */ = {isa = PBXFileReference; lastKnownFileType = file.storyboard; path = ClientSignIn.storyboard; sourceTree = "<group>"; };
		C35C700C249B01C100A23367 /* InstructorSignIn.storyboard */ = {isa = PBXFileReference; lastKnownFileType = file.storyboard; path = InstructorSignIn.storyboard; sourceTree = "<group>"; };
		C35C7010249B050D00A23367 /* InstructorMain.storyboard */ = {isa = PBXFileReference; lastKnownFileType = file.storyboard; path = InstructorMain.storyboard; sourceTree = "<group>"; };
		C35C7012249B07CD00A23367 /* InstructorProfile.storyboard */ = {isa = PBXFileReference; lastKnownFileType = file.storyboard; path = InstructorProfile.storyboard; sourceTree = "<group>"; };
		C35C7014249B084D00A23367 /* ClientMain.storyboard */ = {isa = PBXFileReference; lastKnownFileType = file.storyboard; path = ClientMain.storyboard; sourceTree = "<group>"; };
		C35C7016249B09CF00A23367 /* ClientProfile.storyboard */ = {isa = PBXFileReference; lastKnownFileType = file.storyboard; path = ClientProfile.storyboard; sourceTree = "<group>"; };
		C35C7018249B09E200A23367 /* ClientSearch.storyboard */ = {isa = PBXFileReference; lastKnownFileType = file.storyboard; path = ClientSearch.storyboard; sourceTree = "<group>"; };
		C35C701A249B09EF00A23367 /* ClientUpcoming.storyboard */ = {isa = PBXFileReference; lastKnownFileType = file.storyboard; path = ClientUpcoming.storyboard; sourceTree = "<group>"; };
		C35C701C249B09F900A23367 /* ClientFavorites.storyboard */ = {isa = PBXFileReference; lastKnownFileType = file.storyboard; path = ClientFavorites.storyboard; sourceTree = "<group>"; };
		C35C701F249B0B4400A23367 /* InstructorHome.storyboard */ = {isa = PBXFileReference; lastKnownFileType = file.storyboard; path = InstructorHome.storyboard; sourceTree = "<group>"; };
		C35C7021249B0B5D00A23367 /* InstructorSchedule.storyboard */ = {isa = PBXFileReference; lastKnownFileType = file.storyboard; path = InstructorSchedule.storyboard; sourceTree = "<group>"; };
		C35C7023249B0B6B00A23367 /* InstructorCreate.storyboard */ = {isa = PBXFileReference; lastKnownFileType = file.storyboard; path = InstructorCreate.storyboard; sourceTree = "<group>"; };
		C35C7026249C750700A23367 /* ClientFlowSignIn.storyboard */ = {isa = PBXFileReference; lastKnownFileType = file.storyboard; path = ClientFlowSignIn.storyboard; sourceTree = "<group>"; };
/* End PBXFileReference section */

/* Begin PBXFrameworksBuildPhase section */
		C35C6FE6249AF9D800A23367 /* Frameworks */ = {
			isa = PBXFrameworksBuildPhase;
			buildActionMask = 2147483647;
			files = (
			);
			runOnlyForDeploymentPostprocessing = 0;
		};
/* End PBXFrameworksBuildPhase section */

/* Begin PBXGroup section */
		023344DB249DAB7D001BABB3 /* Client */ = {
			isa = PBXGroup;
			children = (
				023344DC249DAB83001BABB3 /* Features */,
			);
			path = Client;
			sourceTree = "<group>";
		};
		023344DC249DAB83001BABB3 /* Features */ = {
			isa = PBXGroup;
			children = (
				023344E6249DAC03001BABB3 /* Favorites */,
				023344E5249DAC00001BABB3 /* Profile */,
				023344E4249DABFD001BABB3 /* Search */,
				023344E3249DABF9001BABB3 /* Upcoming */,
			);
			path = Features;
			sourceTree = "<group>";
		};
		023344DD249DAB8D001BABB3 /* Instructor */ = {
			isa = PBXGroup;
			children = (
				023344DE249DAB98001BABB3 /* Features */,
			);
			path = Instructor;
			sourceTree = "<group>";
		};
		023344DE249DAB98001BABB3 /* Features */ = {
			isa = PBXGroup;
			children = (
				023344E2249DABD5001BABB3 /* Profile */,
				023344E1249DABD2001BABB3 /* Home */,
				023344E0249DABC8001BABB3 /* Schedule */,
				023344DF249DABC5001BABB3 /* Create */,
			);
			path = Features;
			sourceTree = "<group>";
		};
		023344DF249DABC5001BABB3 /* Create */ = {
			isa = PBXGroup;
			children = (
			);
			path = Create;
			sourceTree = "<group>";
		};
		023344E0249DABC8001BABB3 /* Schedule */ = {
			isa = PBXGroup;
			children = (
			);
			path = Schedule;
			sourceTree = "<group>";
		};
		023344E1249DABD2001BABB3 /* Home */ = {
			isa = PBXGroup;
			children = (
			);
			path = Home;
			sourceTree = "<group>";
		};
		023344E2249DABD5001BABB3 /* Profile */ = {
			isa = PBXGroup;
			children = (
				5276FC2424A4346C00EF4DC8 /* InstructorProfileViewController.swift */,
			);
			path = Profile;
			sourceTree = "<group>";
		};
		023344E3249DABF9001BABB3 /* Upcoming */ = {
			isa = PBXGroup;
			children = (
			);
			path = Upcoming;
			sourceTree = "<group>";
		};
		023344E4249DABFD001BABB3 /* Search */ = {
			isa = PBXGroup;
			children = (
				02569B68249C61F800B819EB /* SearchViewController.swift */,
				023344D9249D8327001BABB3 /* LocationSearchViewController.swift */,
			);
			path = Search;
			sourceTree = "<group>";
		};
		023344E5249DAC00001BABB3 /* Profile */ = {
			isa = PBXGroup;
			children = (
				5276FC2824A4357100EF4DC8 /* ClientProfileViewController.swift */,
			);
			path = Profile;
			sourceTree = "<group>";
		};
		023344E6249DAC03001BABB3 /* Favorites */ = {
			isa = PBXGroup;
			children = (
				5276FC2624A4355600EF4DC8 /* ClientFavoritesViewController.swift */,
				5276FC2A24A58B0F00EF4DC8 /* ClientTableViewController.swift */,
			);
			path = Favorites;
			sourceTree = "<group>";
		};
		023344E7249DAC6F001BABB3 /* Helper */ = {
			isa = PBXGroup;
			children = (
				02569B6A249C737400B819EB /* SetBackground.swift */,
			);
			path = Helper;
			sourceTree = "<group>";
		};
		C35C6FE0249AF9D800A23367 = {
			isa = PBXGroup;
			children = (
				C35C6FEB249AF9D800A23367 /* AnytimeFitness */,
				C35C7007249AFE8E00A23367 /* Resources */,
				C35C6FEA249AF9D800A23367 /* Products */,
			);
			sourceTree = "<group>";
		};
		C35C6FEA249AF9D800A23367 /* Products */ = {
			isa = PBXGroup;
			children = (
				C35C6FE9249AF9D800A23367 /* AnytimeFitness.app */,
			);
			name = Products;
			sourceTree = "<group>";
		};
		C35C6FEB249AF9D800A23367 /* AnytimeFitness */ = {
			isa = PBXGroup;
			children = (
				C35C7003249AFE6200A23367 /* Model */,
				C35C7004249AFE6800A23367 /* Views */,
				C35C7006249AFE7800A23367 /* Controllers */,
				C35C6FFD249AF9D900A23367 /* Info.plist */,
				C35C6FF5249AF9D800A23367 /* AnytimeFitness.xcdatamodeld */,
			);
			path = AnytimeFitness;
			sourceTree = "<group>";
		};
		C35C7003249AFE6200A23367 /* Model */ = {
			isa = PBXGroup;
			children = (
			);
			path = Model;
			sourceTree = "<group>";
		};
		C35C7004249AFE6800A23367 /* Views */ = {
			isa = PBXGroup;
			children = (
				C35C6FF2249AF9D800A23367 /* Main.storyboard */,
				C35C7008249B008D00A23367 /* SignUp.storyboard */,
				C35C7026249C750700A23367 /* ClientFlowSignIn.storyboard */,
				C35C700F249B01DC00A23367 /* Instructor */,
				C35C700E249B01D600A23367 /* Client */,
				C35C7005249AFE7100A23367 /* View Controllers */,
			);
			path = Views;
			sourceTree = "<group>";
		};
		C35C7005249AFE7100A23367 /* View Controllers */ = {
			isa = PBXGroup;
			children = (
				023344E7249DAC6F001BABB3 /* Helper */,
				023344DD249DAB8D001BABB3 /* Instructor */,
				023344DB249DAB7D001BABB3 /* Client */,
			);
			path = "View Controllers";
			sourceTree = "<group>";
		};
		C35C7006249AFE7800A23367 /* Controllers */ = {
			isa = PBXGroup;
			children = (
			);
			path = Controllers;
			sourceTree = "<group>";
		};
		C35C7007249AFE8E00A23367 /* Resources */ = {
			isa = PBXGroup;
			children = (
				C35C6FEC249AF9D800A23367 /* AppDelegate.swift */,
				C35C6FEE249AF9D800A23367 /* SceneDelegate.swift */,
				C35C6FF8249AF9D900A23367 /* Assets.xcassets */,
				C35C6FFA249AF9D900A23367 /* LaunchScreen.storyboard */,
			);
			path = Resources;
			sourceTree = "<group>";
		};
		C35C700E249B01D600A23367 /* Client */ = {
			isa = PBXGroup;
			children = (
				C35C700A249B017600A23367 /* ClientSignIn.storyboard */,
				C35C7014249B084D00A23367 /* ClientMain.storyboard */,
				C35C701E249B0A0000A23367 /* Features */,
			);
			path = Client;
			sourceTree = "<group>";
		};
		C35C700F249B01DC00A23367 /* Instructor */ = {
			isa = PBXGroup;
			children = (
				C35C700C249B01C100A23367 /* InstructorSignIn.storyboard */,
				C35C7010249B050D00A23367 /* InstructorMain.storyboard */,
				C35C7025249B0B7100A23367 /* Features */,
			);
			path = Instructor;
			sourceTree = "<group>";
		};
		C35C701E249B0A0000A23367 /* Features */ = {
			isa = PBXGroup;
			children = (
				C35C701C249B09F900A23367 /* ClientFavorites.storyboard */,
				C35C7016249B09CF00A23367 /* ClientProfile.storyboard */,
				C35C7018249B09E200A23367 /* ClientSearch.storyboard */,
				C35C701A249B09EF00A23367 /* ClientUpcoming.storyboard */,
			);
			path = Features;
			sourceTree = "<group>";
		};
		C35C7025249B0B7100A23367 /* Features */ = {
			isa = PBXGroup;
			children = (
				C35C7012249B07CD00A23367 /* InstructorProfile.storyboard */,
				C35C701F249B0B4400A23367 /* InstructorHome.storyboard */,
				C35C7021249B0B5D00A23367 /* InstructorSchedule.storyboard */,
				C35C7023249B0B6B00A23367 /* InstructorCreate.storyboard */,
			);
			path = Features;
			sourceTree = "<group>";
		};
/* End PBXGroup section */

/* Begin PBXNativeTarget section */
		C35C6FE8249AF9D800A23367 /* AnytimeFitness */ = {
			isa = PBXNativeTarget;
			buildConfigurationList = C35C7000249AF9D900A23367 /* Build configuration list for PBXNativeTarget "AnytimeFitness" */;
			buildPhases = (
				C35C6FE5249AF9D800A23367 /* Sources */,
				C35C6FE6249AF9D800A23367 /* Frameworks */,
				C35C6FE7249AF9D800A23367 /* Resources */,
			);
			buildRules = (
			);
			dependencies = (
			);
			name = AnytimeFitness;
			productName = AnytimeFitness;
			productReference = C35C6FE9249AF9D800A23367 /* AnytimeFitness.app */;
			productType = "com.apple.product-type.application";
		};
/* End PBXNativeTarget section */

/* Begin PBXProject section */
		C35C6FE1249AF9D800A23367 /* Project object */ = {
			isa = PBXProject;
			attributes = {
				LastSwiftUpdateCheck = 1130;
				LastUpgradeCheck = 1130;
				ORGANIZATIONNAME = "Jarren Campos";
				TargetAttributes = {
					C35C6FE8249AF9D800A23367 = {
						CreatedOnToolsVersion = 11.3.1;
					};
				};
			};
			buildConfigurationList = C35C6FE4249AF9D800A23367 /* Build configuration list for PBXProject "AnytimeFitness" */;
			compatibilityVersion = "Xcode 9.3";
			developmentRegion = en;
			hasScannedForEncodings = 0;
			knownRegions = (
				en,
				Base,
			);
			mainGroup = C35C6FE0249AF9D800A23367;
			productRefGroup = C35C6FEA249AF9D800A23367 /* Products */;
			projectDirPath = "";
			projectRoot = "";
			targets = (
				C35C6FE8249AF9D800A23367 /* AnytimeFitness */,
			);
		};
/* End PBXProject section */

/* Begin PBXResourcesBuildPhase section */
		C35C6FE7249AF9D800A23367 /* Resources */ = {
			isa = PBXResourcesBuildPhase;
			buildActionMask = 2147483647;
			files = (
				C35C6FFC249AF9D900A23367 /* LaunchScreen.storyboard in Resources */,
				C35C701B249B09EF00A23367 /* ClientUpcoming.storyboard in Resources */,
				C35C7020249B0B4400A23367 /* InstructorHome.storyboard in Resources */,
				C35C7024249B0B6B00A23367 /* InstructorCreate.storyboard in Resources */,
				C35C7013249B07CD00A23367 /* InstructorProfile.storyboard in Resources */,
				C35C700D249B01C100A23367 /* InstructorSignIn.storyboard in Resources */,
				C35C7022249B0B5D00A23367 /* InstructorSchedule.storyboard in Resources */,
				C35C701D249B09F900A23367 /* ClientFavorites.storyboard in Resources */,
				C35C7019249B09E200A23367 /* ClientSearch.storyboard in Resources */,
				C35C7017249B09CF00A23367 /* ClientProfile.storyboard in Resources */,
				C35C700B249B017600A23367 /* ClientSignIn.storyboard in Resources */,
				C35C6FF9249AF9D900A23367 /* Assets.xcassets in Resources */,
				C35C7011249B050D00A23367 /* InstructorMain.storyboard in Resources */,
				C35C7009249B008D00A23367 /* SignUp.storyboard in Resources */,
				C35C7015249B084D00A23367 /* ClientMain.storyboard in Resources */,
				C35C6FF4249AF9D800A23367 /* Main.storyboard in Resources */,
				C35C7027249C750700A23367 /* ClientFlowSignIn.storyboard in Resources */,
			);
			runOnlyForDeploymentPostprocessing = 0;
		};
/* End PBXResourcesBuildPhase section */

/* Begin PBXSourcesBuildPhase section */
		C35C6FE5249AF9D800A23367 /* Sources */ = {
			isa = PBXSourcesBuildPhase;
			buildActionMask = 2147483647;
			files = (
				C35C6FED249AF9D800A23367 /* AppDelegate.swift in Sources */,
				023344DA249D8327001BABB3 /* LocationSearchViewController.swift in Sources */,
				C35C6FF7249AF9D800A23367 /* AnytimeFitness.xcdatamodeld in Sources */,
				02569B69249C61F800B819EB /* SearchViewController.swift in Sources */,
				5276FC2B24A58B0F00EF4DC8 /* ClientTableViewController.swift in Sources */,
				5276FC2524A4346C00EF4DC8 /* InstructorProfileViewController.swift in Sources */,
				02569B6B249C737400B819EB /* SetBackground.swift in Sources */,
				C35C6FEF249AF9D800A23367 /* SceneDelegate.swift in Sources */,
				5276FC2724A4355600EF4DC8 /* ClientFavoritesViewController.swift in Sources */,
				5276FC2924A4357100EF4DC8 /* ClientProfileViewController.swift in Sources */,
			);
			runOnlyForDeploymentPostprocessing = 0;
		};
/* End PBXSourcesBuildPhase section */

/* Begin PBXVariantGroup section */
		C35C6FF2249AF9D800A23367 /* Main.storyboard */ = {
			isa = PBXVariantGroup;
			children = (
				C35C6FF3249AF9D800A23367 /* Base */,
			);
			name = Main.storyboard;
			sourceTree = "<group>";
		};
		C35C6FFA249AF9D900A23367 /* LaunchScreen.storyboard */ = {
			isa = PBXVariantGroup;
			children = (
				C35C6FFB249AF9D900A23367 /* Base */,
			);
			name = LaunchScreen.storyboard;
			sourceTree = "<group>";
		};
/* End PBXVariantGroup section */

/* Begin XCBuildConfiguration section */
		C35C6FFE249AF9D900A23367 /* Debug */ = {
			isa = XCBuildConfiguration;
			buildSettings = {
				ALWAYS_SEARCH_USER_PATHS = NO;
				CLANG_ANALYZER_NONNULL = YES;
				CLANG_ANALYZER_NUMBER_OBJECT_CONVERSION = YES_AGGRESSIVE;
				CLANG_CXX_LANGUAGE_STANDARD = "gnu++14";
				CLANG_CXX_LIBRARY = "libc++";
				CLANG_ENABLE_MODULES = YES;
				CLANG_ENABLE_OBJC_ARC = YES;
				CLANG_ENABLE_OBJC_WEAK = YES;
				CLANG_WARN_BLOCK_CAPTURE_AUTORELEASING = YES;
				CLANG_WARN_BOOL_CONVERSION = YES;
				CLANG_WARN_COMMA = YES;
				CLANG_WARN_CONSTANT_CONVERSION = YES;
				CLANG_WARN_DEPRECATED_OBJC_IMPLEMENTATIONS = YES;
				CLANG_WARN_DIRECT_OBJC_ISA_USAGE = YES_ERROR;
				CLANG_WARN_DOCUMENTATION_COMMENTS = YES;
				CLANG_WARN_EMPTY_BODY = YES;
				CLANG_WARN_ENUM_CONVERSION = YES;
				CLANG_WARN_INFINITE_RECURSION = YES;
				CLANG_WARN_INT_CONVERSION = YES;
				CLANG_WARN_NON_LITERAL_NULL_CONVERSION = YES;
				CLANG_WARN_OBJC_IMPLICIT_RETAIN_SELF = YES;
				CLANG_WARN_OBJC_LITERAL_CONVERSION = YES;
				CLANG_WARN_OBJC_ROOT_CLASS = YES_ERROR;
				CLANG_WARN_RANGE_LOOP_ANALYSIS = YES;
				CLANG_WARN_STRICT_PROTOTYPES = YES;
				CLANG_WARN_SUSPICIOUS_MOVE = YES;
				CLANG_WARN_UNGUARDED_AVAILABILITY = YES_AGGRESSIVE;
				CLANG_WARN_UNREACHABLE_CODE = YES;
				CLANG_WARN__DUPLICATE_METHOD_MATCH = YES;
				COPY_PHASE_STRIP = NO;
				DEBUG_INFORMATION_FORMAT = dwarf;
				ENABLE_STRICT_OBJC_MSGSEND = YES;
				ENABLE_TESTABILITY = YES;
				GCC_C_LANGUAGE_STANDARD = gnu11;
				GCC_DYNAMIC_NO_PIC = NO;
				GCC_NO_COMMON_BLOCKS = YES;
				GCC_OPTIMIZATION_LEVEL = 0;
				GCC_PREPROCESSOR_DEFINITIONS = (
					"DEBUG=1",
					"$(inherited)",
				);
				GCC_WARN_64_TO_32_BIT_CONVERSION = YES;
				GCC_WARN_ABOUT_RETURN_TYPE = YES_ERROR;
				GCC_WARN_UNDECLARED_SELECTOR = YES;
				GCC_WARN_UNINITIALIZED_AUTOS = YES_AGGRESSIVE;
				GCC_WARN_UNUSED_FUNCTION = YES;
				GCC_WARN_UNUSED_VARIABLE = YES;
				IPHONEOS_DEPLOYMENT_TARGET = 13.2;
				MTL_ENABLE_DEBUG_INFO = INCLUDE_SOURCE;
				MTL_FAST_MATH = YES;
				ONLY_ACTIVE_ARCH = YES;
				SDKROOT = iphoneos;
				SWIFT_ACTIVE_COMPILATION_CONDITIONS = DEBUG;
				SWIFT_OPTIMIZATION_LEVEL = "-Onone";
			};
			name = Debug;
		};
		C35C6FFF249AF9D900A23367 /* Release */ = {
			isa = XCBuildConfiguration;
			buildSettings = {
				ALWAYS_SEARCH_USER_PATHS = NO;
				CLANG_ANALYZER_NONNULL = YES;
				CLANG_ANALYZER_NUMBER_OBJECT_CONVERSION = YES_AGGRESSIVE;
				CLANG_CXX_LANGUAGE_STANDARD = "gnu++14";
				CLANG_CXX_LIBRARY = "libc++";
				CLANG_ENABLE_MODULES = YES;
				CLANG_ENABLE_OBJC_ARC = YES;
				CLANG_ENABLE_OBJC_WEAK = YES;
				CLANG_WARN_BLOCK_CAPTURE_AUTORELEASING = YES;
				CLANG_WARN_BOOL_CONVERSION = YES;
				CLANG_WARN_COMMA = YES;
				CLANG_WARN_CONSTANT_CONVERSION = YES;
				CLANG_WARN_DEPRECATED_OBJC_IMPLEMENTATIONS = YES;
				CLANG_WARN_DIRECT_OBJC_ISA_USAGE = YES_ERROR;
				CLANG_WARN_DOCUMENTATION_COMMENTS = YES;
				CLANG_WARN_EMPTY_BODY = YES;
				CLANG_WARN_ENUM_CONVERSION = YES;
				CLANG_WARN_INFINITE_RECURSION = YES;
				CLANG_WARN_INT_CONVERSION = YES;
				CLANG_WARN_NON_LITERAL_NULL_CONVERSION = YES;
				CLANG_WARN_OBJC_IMPLICIT_RETAIN_SELF = YES;
				CLANG_WARN_OBJC_LITERAL_CONVERSION = YES;
				CLANG_WARN_OBJC_ROOT_CLASS = YES_ERROR;
				CLANG_WARN_RANGE_LOOP_ANALYSIS = YES;
				CLANG_WARN_STRICT_PROTOTYPES = YES;
				CLANG_WARN_SUSPICIOUS_MOVE = YES;
				CLANG_WARN_UNGUARDED_AVAILABILITY = YES_AGGRESSIVE;
				CLANG_WARN_UNREACHABLE_CODE = YES;
				CLANG_WARN__DUPLICATE_METHOD_MATCH = YES;
				COPY_PHASE_STRIP = NO;
				DEBUG_INFORMATION_FORMAT = "dwarf-with-dsym";
				ENABLE_NS_ASSERTIONS = NO;
				ENABLE_STRICT_OBJC_MSGSEND = YES;
				GCC_C_LANGUAGE_STANDARD = gnu11;
				GCC_NO_COMMON_BLOCKS = YES;
				GCC_WARN_64_TO_32_BIT_CONVERSION = YES;
				GCC_WARN_ABOUT_RETURN_TYPE = YES_ERROR;
				GCC_WARN_UNDECLARED_SELECTOR = YES;
				GCC_WARN_UNINITIALIZED_AUTOS = YES_AGGRESSIVE;
				GCC_WARN_UNUSED_FUNCTION = YES;
				GCC_WARN_UNUSED_VARIABLE = YES;
				IPHONEOS_DEPLOYMENT_TARGET = 13.2;
				MTL_ENABLE_DEBUG_INFO = NO;
				MTL_FAST_MATH = YES;
				SDKROOT = iphoneos;
				SWIFT_COMPILATION_MODE = wholemodule;
				SWIFT_OPTIMIZATION_LEVEL = "-O";
				VALIDATE_PRODUCT = YES;
			};
			name = Release;
		};
		C35C7001249AF9D900A23367 /* Debug */ = {
			isa = XCBuildConfiguration;
			buildSettings = {
				ASSETCATALOG_COMPILER_APPICON_NAME = AppIcon;
				CODE_SIGN_STYLE = Automatic;
				DEVELOPMENT_TEAM = QQ666D93S6;
				INFOPLIST_FILE = AnytimeFitness/Info.plist;
				LD_RUNPATH_SEARCH_PATHS = (
					"$(inherited)",
					"@executable_path/Frameworks",
				);
				PRODUCT_BUNDLE_IDENTIFIER = com.morgan.AnytimeFitness;
				PRODUCT_NAME = "$(TARGET_NAME)";
				SWIFT_VERSION = 5.0;
				TARGETED_DEVICE_FAMILY = "1,2";
			};
			name = Debug;
		};
		C35C7002249AF9D900A23367 /* Release */ = {
			isa = XCBuildConfiguration;
			buildSettings = {
				ASSETCATALOG_COMPILER_APPICON_NAME = AppIcon;
				CODE_SIGN_STYLE = Automatic;
				DEVELOPMENT_TEAM = QQ666D93S6;
				INFOPLIST_FILE = AnytimeFitness/Info.plist;
				LD_RUNPATH_SEARCH_PATHS = (
					"$(inherited)",
					"@executable_path/Frameworks",
				);
				PRODUCT_BUNDLE_IDENTIFIER = com.morgan.AnytimeFitness;
				PRODUCT_NAME = "$(TARGET_NAME)";
				SWIFT_VERSION = 5.0;
				TARGETED_DEVICE_FAMILY = "1,2";
			};
			name = Release;
		};
/* End XCBuildConfiguration section */

/* Begin XCConfigurationList section */
		C35C6FE4249AF9D800A23367 /* Build configuration list for PBXProject "AnytimeFitness" */ = {
			isa = XCConfigurationList;
			buildConfigurations = (
				C35C6FFE249AF9D900A23367 /* Debug */,
				C35C6FFF249AF9D900A23367 /* Release */,
			);
			defaultConfigurationIsVisible = 0;
			defaultConfigurationName = Release;
		};
		C35C7000249AF9D900A23367 /* Build configuration list for PBXNativeTarget "AnytimeFitness" */ = {
			isa = XCConfigurationList;
			buildConfigurations = (
				C35C7001249AF9D900A23367 /* Debug */,
				C35C7002249AF9D900A23367 /* Release */,
			);
			defaultConfigurationIsVisible = 0;
			defaultConfigurationName = Release;
		};
/* End XCConfigurationList section */

/* Begin XCVersionGroup section */
		C35C6FF5249AF9D800A23367 /* AnytimeFitness.xcdatamodeld */ = {
			isa = XCVersionGroup;
			children = (
				C35C6FF6249AF9D800A23367 /* AnytimeFitness.xcdatamodel */,
			);
			currentVersion = C35C6FF6249AF9D800A23367 /* AnytimeFitness.xcdatamodel */;
			path = AnytimeFitness.xcdatamodeld;
			sourceTree = "<group>";
			versionGroupType = wrapper.xcdatamodel;
		};
/* End XCVersionGroup section */
	};
	rootObject = C35C6FE1249AF9D800A23367 /* Project object */;
}
